
Microsoft Visual Studio Solution File, Format Version 12.00
# Visual Studio Version 17
VisualStudioVersion = 17.5.33627.172
MinimumVisualStudioVersion = 10.0.40219.1
Project("{2150E333-8FDC-42A3-9474-1A3956D46DE8}") = "Services", "Services", "{7886681A-E8DF-4619-A766-BE4A98FB4F64}"
EndProject
Project("{2150E333-8FDC-42A3-9474-1A3956D46DE8}") = "Catalog", "Catalog", "{9AB4CC3A-C732-4D3D-B4E9-EF1FEB8A17A7}"
EndProject
Project("{FAE04EC0-301F-11D3-BF4B-00C04F79EFBC}") = "Catalog.Api", "Services\Catalog\Catalog.Api\Catalog.Api.csproj", "{C4BD1885-639F-4A3A-9A7A-C21C2F6DB94E}"
EndProject
Global
	GlobalSection(SolutionConfigurationPlatforms) = preSolution
		Debug|Any CPU = Debug|Any CPU
		Release|Any CPU = Release|Any CPU
	EndGlobalSection
	GlobalSection(ProjectConfigurationPlatforms) = postSolution
		{C4BD1885-639F-4A3A-9A7A-C21C2F6DB94E}.Debug|Any CPU.ActiveCfg = Debug|Any CPU
		{C4BD1885-639F-4A3A-9A7A-C21C2F6DB94E}.Debug|Any CPU.Build.0 = Debug|Any CPU
		{C4BD1885-639F-4A3A-9A7A-C21C2F6DB94E}.Release|Any CPU.ActiveCfg = Release|Any CPU
		{C4BD1885-639F-4A3A-9A7A-C21C2F6DB94E}.Release|Any CPU.Build.0 = Release|Any CPU
	EndGlobalSection
	GlobalSection(SolutionProperties) = preSolution
		HideSolutionNode = FALSE
	EndGlobalSection
	GlobalSection(NestedProjects) = preSolution
		{9AB4CC3A-C732-4D3D-B4E9-EF1FEB8A17A7} = {7886681A-E8DF-4619-A766-BE4A98FB4F64}
		{C4BD1885-639F-4A3A-9A7A-C21C2F6DB94E} = {9AB4CC3A-C732-4D3D-B4E9-EF1FEB8A17A7}
	EndGlobalSection
	GlobalSection(ExtensibilityGlobals) = postSolution
		SolutionGuid = {287F8960-F8A8-458B-8ED9-3A6F52A8E141}
	EndGlobalSection
EndGlobal
